// !$*UTF8*$!
{
	archiveVersion = 1;
	classes = {
	};
	objectVersion = 55;
	objects = {

/* Begin PBXBuildFile section */
		2303F60128B190300000DC6E /* OrderModel.swift in Sources */ = {isa = PBXBuildFile; fileRef = 2303F60028B190300000DC6E /* OrderModel.swift */; };
		2303F60328B190550000DC6E /* MenuDetailView.swift in Sources */ = {isa = PBXBuildFile; fileRef = 2303F60228B190550000DC6E /* MenuDetailView.swift */; };
		2303F60528B1924F0000DC6E /* MenuModel.swift in Sources */ = {isa = PBXBuildFile; fileRef = 2303F60428B1924F0000DC6E /* MenuModel.swift */; };
		236D041B28A1B5EB00293FF2 /* AppOrderApp.swift in Sources */ = {isa = PBXBuildFile; fileRef = 236D041A28A1B5EB00293FF2 /* AppOrderApp.swift */; };
		236D041D28A1B5EB00293FF2 /* ContentView.swift in Sources */ = {isa = PBXBuildFile; fileRef = 236D041C28A1B5EB00293FF2 /* ContentView.swift */; };
		236D041F28A1B5EC00293FF2 /* Assets.xcassets in Resources */ = {isa = PBXBuildFile; fileRef = 236D041E28A1B5EC00293FF2 /* Assets.xcassets */; };
		236D042228A1B5EC00293FF2 /* Preview Assets.xcassets in Resources */ = {isa = PBXBuildFile; fileRef = 236D042128A1B5EC00293FF2 /* Preview Assets.xcassets */; };
		236D042A28A1B65B00293FF2 /* MenuListView.swift in Sources */ = {isa = PBXBuildFile; fileRef = 236D042928A1B65B00293FF2 /* MenuListView.swift */; };
		236D042C28A1B67300293FF2 /* MenuRowView.swift in Sources */ = {isa = PBXBuildFile; fileRef = 236D042B28A1B67300293FF2 /* MenuRowView.swift */; };
		236D043028A1B69600293FF2 /* RatingsView.swift in Sources */ = {isa = PBXBuildFile; fileRef = 236D042F28A1B69600293FF2 /* RatingsView.swift */; };
		236D043328A1B82F00293FF2 /* HistoryListView.swift in Sources */ = {isa = PBXBuildFile; fileRef = 236D043228A1B82F00293FF2 /* HistoryListView.swift */; };
		236D043528A1B84600293FF2 /* HistoryRowView.swift in Sources */ = {isa = PBXBuildFile; fileRef = 236D043428A1B84600293FF2 /* HistoryRowView.swift */; };
		236D043728A1B85600293FF2 /* HistoryView.swift in Sources */ = {isa = PBXBuildFile; fileRef = 236D043628A1B85600293FF2 /* HistoryView.swift */; };
		236D043A28A1B90300293FF2 /* OrderListView.swift in Sources */ = {isa = PBXBuildFile; fileRef = 236D043928A1B90300293FF2 /* OrderListView.swift */; };
		236D043C28A1B91300293FF2 /* OrderRowView.swift in Sources */ = {isa = PBXBuildFile; fileRef = 236D043B28A1B91300293FF2 /* OrderRowView.swift */; };
		236D043E28A1B95C00293FF2 /* ContentHeaderView.swift in Sources */ = {isa = PBXBuildFile; fileRef = 236D043D28A1B95C00293FF2 /* ContentHeaderView.swift */; };
		236D044028A1B9CE00293FF2 /* PageTitleView.swift in Sources */ = {isa = PBXBuildFile; fileRef = 236D043F28A1B9CE00293FF2 /* PageTitleView.swift */; };
		23873B2428B142C100819EF8 /* HistoryModel.swift in Sources */ = {isa = PBXBuildFile; fileRef = 23873B2128B142C100819EF8 /* HistoryModel.swift */; };
		23873B2928B17FE300819EF8 /* SceneDelegate.swift in Sources */ = {isa = PBXBuildFile; fileRef = 23873B2828B17FE200819EF8 /* SceneDelegate.swift */; };
		23932D6E28A97E5C00CBD0E0 /* SelectedImageView.swift in Sources */ = {isa = PBXBuildFile; fileRef = 23932D6D28A97E5C00CBD0E0 /* SelectedImageView.swift */; };
		239D965B28A44F730091D1E7 /* ListHeaderView.swift in Sources */ = {isa = PBXBuildFile; fileRef = 239D965A28A44F730091D1E7 /* ListHeaderView.swift */; };
/* End PBXBuildFile section */

/* Begin PBXFileReference section */
		2303F60028B190300000DC6E /* OrderModel.swift */ = {isa = PBXFileReference; fileEncoding = 4; lastKnownFileType = sourcecode.swift; path = OrderModel.swift; sourceTree = "<group>"; };
		2303F60228B190550000DC6E /* MenuDetailView.swift */ = {isa = PBXFileReference; fileEncoding = 4; lastKnownFileType = sourcecode.swift; path = MenuDetailView.swift; sourceTree = "<group>"; };
		2303F60428B1924F0000DC6E /* MenuModel.swift */ = {isa = PBXFileReference; fileEncoding = 4; lastKnownFileType = sourcecode.swift; path = MenuModel.swift; sourceTree = "<group>"; };
		236D041728A1B5EB00293FF2 /* AppOrder.app */ = {isa = PBXFileReference; explicitFileType = wrapper.application; includeInIndex = 0; path = AppOrder.app; sourceTree = BUILT_PRODUCTS_DIR; };
		236D041A28A1B5EB00293FF2 /* AppOrderApp.swift */ = {isa = PBXFileReference; lastKnownFileType = sourcecode.swift; path = AppOrderApp.swift; sourceTree = "<group>"; };
		236D041C28A1B5EB00293FF2 /* ContentView.swift */ = {isa = PBXFileReference; lastKnownFileType = sourcecode.swift; path = ContentView.swift; sourceTree = "<group>"; };
		236D041E28A1B5EC00293FF2 /* Assets.xcassets */ = {isa = PBXFileReference; lastKnownFileType = folder.assetcatalog; path = Assets.xcassets; sourceTree = "<group>"; };
		236D042128A1B5EC00293FF2 /* Preview Assets.xcassets */ = {isa = PBXFileReference; lastKnownFileType = folder.assetcatalog; path = "Preview Assets.xcassets"; sourceTree = "<group>"; };
		236D042928A1B65B00293FF2 /* MenuListView.swift */ = {isa = PBXFileReference; lastKnownFileType = sourcecode.swift; path = MenuListView.swift; sourceTree = "<group>"; };
		236D042B28A1B67300293FF2 /* MenuRowView.swift */ = {isa = PBXFileReference; lastKnownFileType = sourcecode.swift; path = MenuRowView.swift; sourceTree = "<group>"; };
		236D042F28A1B69600293FF2 /* RatingsView.swift */ = {isa = PBXFileReference; lastKnownFileType = sourcecode.swift; path = RatingsView.swift; sourceTree = "<group>"; };
		236D043228A1B82F00293FF2 /* HistoryListView.swift */ = {isa = PBXFileReference; lastKnownFileType = sourcecode.swift; path = HistoryListView.swift; sourceTree = "<group>"; };
		236D043428A1B84600293FF2 /* HistoryRowView.swift */ = {isa = PBXFileReference; lastKnownFileType = sourcecode.swift; path = HistoryRowView.swift; sourceTree = "<group>"; };
		236D043628A1B85600293FF2 /* HistoryView.swift */ = {isa = PBXFileReference; lastKnownFileType = sourcecode.swift; path = HistoryView.swift; sourceTree = "<group>"; };
		236D043928A1B90300293FF2 /* OrderListView.swift */ = {isa = PBXFileReference; lastKnownFileType = sourcecode.swift; path = OrderListView.swift; sourceTree = "<group>"; };
		236D043B28A1B91300293FF2 /* OrderRowView.swift */ = {isa = PBXFileReference; lastKnownFileType = sourcecode.swift; path = OrderRowView.swift; sourceTree = "<group>"; };
		236D043D28A1B95C00293FF2 /* ContentHeaderView.swift */ = {isa = PBXFileReference; lastKnownFileType = sourcecode.swift; path = ContentHeaderView.swift; sourceTree = "<group>"; };
		236D043F28A1B9CE00293FF2 /* PageTitleView.swift */ = {isa = PBXFileReference; lastKnownFileType = sourcecode.swift; path = PageTitleView.swift; sourceTree = "<group>"; };
		23873B2128B142C100819EF8 /* HistoryModel.swift */ = {isa = PBXFileReference; fileEncoding = 4; lastKnownFileType = sourcecode.swift; path = HistoryModel.swift; sourceTree = "<group>"; };
		23873B2828B17FE200819EF8 /* SceneDelegate.swift */ = {isa = PBXFileReference; fileEncoding = 4; lastKnownFileType = sourcecode.swift; path = SceneDelegate.swift; sourceTree = "<group>"; };
		23932D6D28A97E5C00CBD0E0 /* SelectedImageView.swift */ = {isa = PBXFileReference; lastKnownFileType = sourcecode.swift; path = SelectedImageView.swift; sourceTree = "<group>"; };
		239D965A28A44F730091D1E7 /* ListHeaderView.swift */ = {isa = PBXFileReference; lastKnownFileType = sourcecode.swift; path = ListHeaderView.swift; sourceTree = "<group>"; };
/* End PBXFileReference section */

/* Begin PBXFrameworksBuildPhase section */
		236D041428A1B5EB00293FF2 /* Frameworks */ = {
			isa = PBXFrameworksBuildPhase;
			buildActionMask = 2147483647;
			files = (
			);
			runOnlyForDeploymentPostprocessing = 0;
		};
/* End PBXFrameworksBuildPhase section */

/* Begin PBXGroup section */
		236D040E28A1B5EB00293FF2 = {
			isa = PBXGroup;
			children = (
				236D041928A1B5EB00293FF2 /* AppOrder */,
				236D041828A1B5EB00293FF2 /* Products */,
			);
			sourceTree = "<group>";
		};
		236D041828A1B5EB00293FF2 /* Products */ = {
			isa = PBXGroup;
			children = (
				236D041728A1B5EB00293FF2 /* AppOrder.app */,
			);
			name = Products;
			sourceTree = "<group>";
		};
		236D041928A1B5EB00293FF2 /* AppOrder */ = {
			isa = PBXGroup;
			children = (
				23873B2828B17FE200819EF8 /* SceneDelegate.swift */,
				23873B1F28B1418A00819EF8 /* Model */,
				236D043D28A1B95C00293FF2 /* ContentHeaderView.swift */,
				236D043F28A1B9CE00293FF2 /* PageTitleView.swift */,
				236D041C28A1B5EB00293FF2 /* ContentView.swift */,
				239D965A28A44F730091D1E7 /* ListHeaderView.swift */,
				23932D6D28A97E5C00CBD0E0 /* SelectedImageView.swift */,
				236D041A28A1B5EB00293FF2 /* AppOrderApp.swift */,
				236D043828A1B8ED00293FF2 /* OrderView */,
				236D043128A1B81000293FF2 /* HistoryView */,
				236D042828A1B63200293FF2 /* MenuView */,
				236D041E28A1B5EC00293FF2 /* Assets.xcassets */,
				236D042028A1B5EC00293FF2 /* Preview Content */,
			);
			path = AppOrder;
			sourceTree = "<group>";
		};
		236D042028A1B5EC00293FF2 /* Preview Content */ = {
			isa = PBXGroup;
			children = (
				236D042128A1B5EC00293FF2 /* Preview Assets.xcassets */,
			);
			path = "Preview Content";
			sourceTree = "<group>";
		};
		236D042828A1B63200293FF2 /* MenuView */ = {
			isa = PBXGroup;
			children = (
				2303F60228B190550000DC6E /* MenuDetailView.swift */,
				236D042928A1B65B00293FF2 /* MenuListView.swift */,
				236D042B28A1B67300293FF2 /* MenuRowView.swift */,
				236D042F28A1B69600293FF2 /* RatingsView.swift */,
			);
			path = MenuView;
			sourceTree = "<group>";
		};
		236D043128A1B81000293FF2 /* HistoryView */ = {
			isa = PBXGroup;
			children = (
				236D043228A1B82F00293FF2 /* HistoryListView.swift */,
				236D043428A1B84600293FF2 /* HistoryRowView.swift */,
				236D043628A1B85600293FF2 /* HistoryView.swift */,
			);
			path = HistoryView;
			sourceTree = "<group>";
		};
		236D043828A1B8ED00293FF2 /* OrderView */ = {
			isa = PBXGroup;
			children = (
				236D043928A1B90300293FF2 /* OrderListView.swift */,
				236D043B28A1B91300293FF2 /* OrderRowView.swift */,
			);
			path = OrderView;
			sourceTree = "<group>";
		};
		23873B1F28B1418A00819EF8 /* Model */ = {
			isa = PBXGroup;
			children = (
				23873B2128B142C100819EF8 /* HistoryModel.swift */,
				2303F60428B1924F0000DC6E /* MenuModel.swift */,
				2303F60028B190300000DC6E /* OrderModel.swift */,
			);
			path = Model;
			sourceTree = "<group>";
		};
/* End PBXGroup section */

/* Begin PBXNativeTarget section */
		236D041628A1B5EB00293FF2 /* AppOrder */ = {
			isa = PBXNativeTarget;
			buildConfigurationList = 236D042528A1B5EC00293FF2 /* Build configuration list for PBXNativeTarget "AppOrder" */;
			buildPhases = (
				236D041328A1B5EB00293FF2 /* Sources */,
				236D041428A1B5EB00293FF2 /* Frameworks */,
				236D041528A1B5EB00293FF2 /* Resources */,
			);
			buildRules = (
			);
			dependencies = (
			);
			name = AppOrder;
			productName = AppOrder;
			productReference = 236D041728A1B5EB00293FF2 /* AppOrder.app */;
			productType = "com.apple.product-type.application";
		};
/* End PBXNativeTarget section */

/* Begin PBXProject section */
		236D040F28A1B5EB00293FF2 /* Project object */ = {
			isa = PBXProject;
			attributes = {
				BuildIndependentTargetsInParallel = 1;
				LastSwiftUpdateCheck = 1340;
				LastUpgradeCheck = 1340;
				TargetAttributes = {
					236D041628A1B5EB00293FF2 = {
						CreatedOnToolsVersion = 13.4.1;
					};
				};
			};
			buildConfigurationList = 236D041228A1B5EB00293FF2 /* Build configuration list for PBXProject "AppOrder" */;
			compatibilityVersion = "Xcode 13.0";
			developmentRegion = en;
			hasScannedForEncodings = 0;
			knownRegions = (
				en,
				Base,
			);
			mainGroup = 236D040E28A1B5EB00293FF2;
			productRefGroup = 236D041828A1B5EB00293FF2 /* Products */;
			projectDirPath = "";
			projectRoot = "";
			targets = (
				236D041628A1B5EB00293FF2 /* AppOrder */,
			);
		};
/* End PBXProject section */

/* Begin PBXResourcesBuildPhase section */
		236D041528A1B5EB00293FF2 /* Resources */ = {
			isa = PBXResourcesBuildPhase;
			buildActionMask = 2147483647;
			files = (
				236D042228A1B5EC00293FF2 /* Preview Assets.xcassets in Resources */,
				236D041F28A1B5EC00293FF2 /* Assets.xcassets in Resources */,
			);
			runOnlyForDeploymentPostprocessing = 0;
		};
/* End PBXResourcesBuildPhase section */

/* Begin PBXSourcesBuildPhase section */
		236D041328A1B5EB00293FF2 /* Sources */ = {
			isa = PBXSourcesBuildPhase;
			buildActionMask = 2147483647;
			files = (
				23873B2428B142C100819EF8 /* HistoryModel.swift in Sources */,
				236D042C28A1B67300293FF2 /* MenuRowView.swift in Sources */,
				2303F60328B190550000DC6E /* MenuDetailView.swift in Sources */,
				236D043028A1B69600293FF2 /* RatingsView.swift in Sources */,
				236D043328A1B82F00293FF2 /* HistoryListView.swift in Sources */,
				236D044028A1B9CE00293FF2 /* PageTitleView.swift in Sources */,
				236D042A28A1B65B00293FF2 /* MenuListView.swift in Sources */,
				236D043528A1B84600293FF2 /* HistoryRowView.swift in Sources */,
				236D043A28A1B90300293FF2 /* OrderListView.swift in Sources */,
				2303F60528B1924F0000DC6E /* MenuModel.swift in Sources */,
				236D043C28A1B91300293FF2 /* OrderRowView.swift in Sources */,
				236D041D28A1B5EB00293FF2 /* ContentView.swift in Sources */,
				23932D6E28A97E5C00CBD0E0 /* SelectedImageView.swift in Sources */,
				236D043E28A1B95C00293FF2 /* ContentHeaderView.swift in Sources */,
				239D965B28A44F730091D1E7 /* ListHeaderView.swift in Sources */,
				23873B2928B17FE300819EF8 /* SceneDelegate.swift in Sources */,
				236D043728A1B85600293FF2 /* HistoryView.swift in Sources */,
				2303F60128B190300000DC6E /* OrderModel.swift in Sources */,
				236D041B28A1B5EB00293FF2 /* AppOrderApp.swift in Sources */,
			);
			runOnlyForDeploymentPostprocessing = 0;
		};
/* End PBXSourcesBuildPhase section */

/* Begin XCBuildConfiguration section */
		236D042328A1B5EC00293FF2 /* Debug */ = {
			isa = XCBuildConfiguration;
			buildSettings = {
				ALWAYS_SEARCH_USER_PATHS = NO;
				CLANG_ANALYZER_NONNULL = YES;
				CLANG_ANALYZER_NUMBER_OBJECT_CONVERSION = YES_AGGRESSIVE;
				CLANG_CXX_LANGUAGE_STANDARD = "gnu++17";
				CLANG_ENABLE_MODULES = YES;
				CLANG_ENABLE_OBJC_ARC = YES;
				CLANG_ENABLE_OBJC_WEAK = YES;
				CLANG_WARN_BLOCK_CAPTURE_AUTORELEASING = YES;
				CLANG_WARN_BOOL_CONVERSION = YES;
				CLANG_WARN_COMMA = YES;
				CLANG_WARN_CONSTANT_CONVERSION = YES;
				CLANG_WARN_DEPRECATED_OBJC_IMPLEMENTATIONS = YES;
				CLANG_WARN_DIRECT_OBJC_ISA_USAGE = YES_ERROR;
				CLANG_WARN_DOCUMENTATION_COMMENTS = YES;
				CLANG_WARN_EMPTY_BODY = YES;
				CLANG_WARN_ENUM_CONVERSION = YES;
				CLANG_WARN_INFINITE_RECURSION = YES;
				CLANG_WARN_INT_CONVERSION = YES;
				CLANG_WARN_NON_LITERAL_NULL_CONVERSION = YES;
				CLANG_WARN_OBJC_IMPLICIT_RETAIN_SELF = YES;
				CLANG_WARN_OBJC_LITERAL_CONVERSION = YES;
				CLANG_WARN_OBJC_ROOT_CLASS = YES_ERROR;
				CLANG_WARN_QUOTED_INCLUDE_IN_FRAMEWORK_HEADER = YES;
				CLANG_WARN_RANGE_LOOP_ANALYSIS = YES;
				CLANG_WARN_STRICT_PROTOTYPES = YES;
				CLANG_WARN_SUSPICIOUS_MOVE = YES;
				CLANG_WARN_UNGUARDED_AVAILABILITY = YES_AGGRESSIVE;
				CLANG_WARN_UNREACHABLE_CODE = YES;
				CLANG_WARN__DUPLICATE_METHOD_MATCH = YES;
				COPY_PHASE_STRIP = NO;
				DEBUG_INFORMATION_FORMAT = dwarf;
				ENABLE_STRICT_OBJC_MSGSEND = YES;
				ENABLE_TESTABILITY = YES;
				GCC_C_LANGUAGE_STANDARD = gnu11;
				GCC_DYNAMIC_NO_PIC = NO;
				GCC_NO_COMMON_BLOCKS = YES;
				GCC_OPTIMIZATION_LEVEL = 0;
				GCC_PREPROCESSOR_DEFINITIONS = (
					"DEBUG=1",
					"$(inherited)",
				);
				GCC_WARN_64_TO_32_BIT_CONVERSION = YES;
				GCC_WARN_ABOUT_RETURN_TYPE = YES_ERROR;
				GCC_WARN_UNDECLARED_SELECTOR = YES;
				GCC_WARN_UNINITIALIZED_AUTOS = YES_AGGRESSIVE;
				GCC_WARN_UNUSED_FUNCTION = YES;
				GCC_WARN_UNUSED_VARIABLE = YES;
				IPHONEOS_DEPLOYMENT_TARGET = 15.5;
				MTL_ENABLE_DEBUG_INFO = INCLUDE_SOURCE;
				MTL_FAST_MATH = YES;
				ONLY_ACTIVE_ARCH = YES;
				SDKROOT = iphoneos;
				SWIFT_ACTIVE_COMPILATION_CONDITIONS = DEBUG;
				SWIFT_OPTIMIZATION_LEVEL = "-Onone";
			};
			name = Debug;
		};
		236D042428A1B5EC00293FF2 /* Release */ = {
			isa = XCBuildConfiguration;
			buildSettings = {
				ALWAYS_SEARCH_USER_PATHS = NO;
				CLANG_ANALYZER_NONNULL = YES;
				CLANG_ANALYZER_NUMBER_OBJECT_CONVERSION = YES_AGGRESSIVE;
				CLANG_CXX_LANGUAGE_STANDARD = "gnu++17";
				CLANG_ENABLE_MODULES = YES;
				CLANG_ENABLE_OBJC_ARC = YES;
				CLANG_ENABLE_OBJC_WEAK = YES;
				CLANG_WARN_BLOCK_CAPTURE_AUTORELEASING = YES;
				CLANG_WARN_BOOL_CONVERSION = YES;
				CLANG_WARN_COMMA = YES;
				CLANG_WARN_CONSTANT_CONVERSION = YES;
				CLANG_WARN_DEPRECATED_OBJC_IMPLEMENTATIONS = YES;
				CLANG_WARN_DIRECT_OBJC_ISA_USAGE = YES_ERROR;
				CLANG_WARN_DOCUMENTATION_COMMENTS = YES;
				CLANG_WARN_EMPTY_BODY = YES;
				CLANG_WARN_ENUM_CONVERSION = YES;
				CLANG_WARN_INFINITE_RECURSION = YES;
				CLANG_WARN_INT_CONVERSION = YES;
				CLANG_WARN_NON_LITERAL_NULL_CONVERSION = YES;
				CLANG_WARN_OBJC_IMPLICIT_RETAIN_SELF = YES;
				CLANG_WARN_OBJC_LITERAL_CONVERSION = YES;
				CLANG_WARN_OBJC_ROOT_CLASS = YES_ERROR;
				CLANG_WARN_QUOTED_INCLUDE_IN_FRAMEWORK_HEADER = YES;
				CLANG_WARN_RANGE_LOOP_ANALYSIS = YES;
				CLANG_WARN_STRICT_PROTOTYPES = YES;
				CLANG_WARN_SUSPICIOUS_MOVE = YES;
				CLANG_WARN_UNGUARDED_AVAILABILITY = YES_AGGRESSIVE;
				CLANG_WARN_UNREACHABLE_CODE = YES;
				CLANG_WARN__DUPLICATE_METHOD_MATCH = YES;
				COPY_PHASE_STRIP = NO;
				DEBUG_INFORMATION_FORMAT = "dwarf-with-dsym";
				ENABLE_NS_ASSERTIONS = NO;
				ENABLE_STRICT_OBJC_MSGSEND = YES;
				GCC_C_LANGUAGE_STANDARD = gnu11;
				GCC_NO_COMMON_BLOCKS = YES;
				GCC_WARN_64_TO_32_BIT_CONVERSION = YES;
				GCC_WARN_ABOUT_RETURN_TYPE = YES_ERROR;
				GCC_WARN_UNDECLARED_SELECTOR = YES;
				GCC_WARN_UNINITIALIZED_AUTOS = YES_AGGRESSIVE;
				GCC_WARN_UNUSED_FUNCTION = YES;
				GCC_WARN_UNUSED_VARIABLE = YES;
				IPHONEOS_DEPLOYMENT_TARGET = 15.5;
				MTL_ENABLE_DEBUG_INFO = NO;
				MTL_FAST_MATH = YES;
				SDKROOT = iphoneos;
				SWIFT_COMPILATION_MODE = wholemodule;
				SWIFT_OPTIMIZATION_LEVEL = "-O";
				VALIDATE_PRODUCT = YES;
			};
			name = Release;
		};
		236D042628A1B5EC00293FF2 /* Debug */ = {
			isa = XCBuildConfiguration;
			buildSettings = {
				ASSETCATALOG_COMPILER_APPICON_NAME = AppIcon;
				ASSETCATALOG_COMPILER_GLOBAL_ACCENT_COLOR_NAME = AccentColor;
				CODE_SIGN_STYLE = Automatic;
				CURRENT_PROJECT_VERSION = 1;
				DEVELOPMENT_ASSET_PATHS = "\"AppOrder/Preview Content\"";
				DEVELOPMENT_TEAM = 89VD7SL339;
				ENABLE_PREVIEWS = YES;
				GENERATE_INFOPLIST_FILE = YES;
				INFOPLIST_KEY_UIApplicationSceneManifest_Generation = YES;
				INFOPLIST_KEY_UIApplicationSupportsIndirectInputEvents = YES;
				INFOPLIST_KEY_UILaunchScreen_Generation = YES;
				INFOPLIST_KEY_UISupportedInterfaceOrientations_iPad = "UIInterfaceOrientationPortrait UIInterfaceOrientationPortraitUpsideDown UIInterfaceOrientationLandscapeLeft UIInterfaceOrientationLandscapeRight";
				INFOPLIST_KEY_UISupportedInterfaceOrientations_iPhone = "UIInterfaceOrientationPortrait UIInterfaceOrientationLandscapeLeft UIInterfaceOrientationLandscapeRight";
				LD_RUNPATH_SEARCH_PATHS = (
					"$(inherited)",
					"@executable_path/Frameworks",
				);
				MARKETING_VERSION = 1.0;
				PRODUCT_BUNDLE_IDENTIFIER = pixeldigitalart.co.AppOrder;
				PRODUCT_NAME = "$(TARGET_NAME)";
				SWIFT_EMIT_LOC_STRINGS = YES;
				SWIFT_VERSION = 5.0;
				TARGETED_DEVICE_FAMILY = "1,2";
			};
			name = Debug;
		};
		236D042728A1B5EC00293FF2 /* Release */ = {
			isa = XCBuildConfiguration;
			buildSettings = {
				ASSETCATALOG_COMPILER_APPICON_NAME = AppIcon;
				ASSETCATALOG_COMPILER_GLOBAL_ACCENT_COLOR_NAME = AccentColor;
				CODE_SIGN_STYLE = Automatic;
				CURRENT_PROJECT_VERSION = 1;
				DEVELOPMENT_ASSET_PATHS = "\"AppOrder/Preview Content\"";
				DEVELOPMENT_TEAM = 89VD7SL339;
				ENABLE_PREVIEWS = YES;
				GENERATE_INFOPLIST_FILE = YES;
				INFOPLIST_KEY_UIApplicationSceneManifest_Generation = YES;
				INFOPLIST_KEY_UIApplicationSupportsIndirectInputEvents = YES;
				INFOPLIST_KEY_UILaunchScreen_Generation = YES;
				INFOPLIST_KEY_UISupportedInterfaceOrientations_iPad = "UIInterfaceOrientationPortrait UIInterfaceOrientationPortraitUpsideDown UIInterfaceOrientationLandscapeLeft UIInterfaceOrientationLandscapeRight";
				INFOPLIST_KEY_UISupportedInterfaceOrientations_iPhone = "UIInterfaceOrientationPortrait UIInterfaceOrientationLandscapeLeft UIInterfaceOrientationLandscapeRight";
				LD_RUNPATH_SEARCH_PATHS = (
					"$(inherited)",
					"@executable_path/Frameworks",
				);
				MARKETING_VERSION = 1.0;
				PRODUCT_BUNDLE_IDENTIFIER = pixeldigitalart.co.AppOrder;
				PRODUCT_NAME = "$(TARGET_NAME)";
				SWIFT_EMIT_LOC_STRINGS = YES;
				SWIFT_VERSION = 5.0;
				TARGETED_DEVICE_FAMILY = "1,2";
			};
			name = Release;
		};
/* End XCBuildConfiguration section */

/* Begin XCConfigurationList section */
		236D041228A1B5EB00293FF2 /* Build configuration list for PBXProject "AppOrder" */ = {
			isa = XCConfigurationList;
			buildConfigurations = (
				236D042328A1B5EC00293FF2 /* Debug */,
				236D042428A1B5EC00293FF2 /* Release */,
			);
			defaultConfigurationIsVisible = 0;
			defaultConfigurationName = Release;
		};
		236D042528A1B5EC00293FF2 /* Build configuration list for PBXNativeTarget "AppOrder" */ = {
			isa = XCConfigurationList;
			buildConfigurations = (
				236D042628A1B5EC00293FF2 /* Debug */,
				236D042728A1B5EC00293FF2 /* Release */,
			);
			defaultConfigurationIsVisible = 0;
			defaultConfigurationName = Release;
		};
/* End XCConfigurationList section */
	};
	rootObject = 236D040F28A1B5EB00293FF2 /* Project object */;
}
